
Microsoft Visual Studio Solution File, Format Version 12.00
# Visual Studio Version 17
VisualStudioVersion = 17.10.34928.147
MinimumVisualStudioVersion = 10.0.40219.1
Project("{FAE04EC0-301F-11D3-BF4B-00C04F79EFBC}") = "ChiffresRomains", "ChiffresRomains\ChiffresRomains.csproj", "{8766A2F3-08E9-4C3D-A54D-CB4C2FB618F5}"
EndProject
Global
	GlobalSection(SolutionConfigurationPlatforms) = preSolution
		Debug|Any CPU = Debug|Any CPU
		Release|Any CPU = Release|Any CPU
	EndGlobalSection
	GlobalSection(ProjectConfigurationPlatforms) = postSolution
		{8766A2F3-08E9-4C3D-A54D-CB4C2FB618F5}.Debug|Any CPU.ActiveCfg = Debug|Any CPU
		{8766A2F3-08E9-4C3D-A54D-CB4C2FB618F5}.Debug|Any CPU.Build.0 = Debug|Any CPU
		{8766A2F3-08E9-4C3D-A54D-CB4C2FB618F5}.Release|Any CPU.ActiveCfg = Release|Any CPU
		{8766A2F3-08E9-4C3D-A54D-CB4C2FB618F5}.Release|Any CPU.Build.0 = Release|Any CPU
	EndGlobalSection
	GlobalSection(SolutionProperties) = preSolution
		HideSolutionNode = FALSE
	EndGlobalSection
	GlobalSection(ExtensibilityGlobals) = postSolution
		SolutionGuid = {A798AFD0-88D8-4D9B-9958-AE62DDA07D63}
	EndGlobalSection
EndGlobal
